
Microsoft Visual Studio Solution File, Format Version 12.00
# Visual Studio Version 17
VisualStudioVersion = 17.0.32112.339
MinimumVisualStudioVersion = 10.0.40219.1
Project("{FAE04EC0-301F-11D3-BF4B-00C04F79EFBC}") = "User_Registration_Regex_Unit_Testing", "User_Registration_Regex_Unit_Testing.csproj", "{AD05D72B-FC57-41C9-A90E-2AC27031CC18}"
EndProject
Global
	GlobalSection(SolutionConfigurationPlatforms) = preSolution
		Debug|Any CPU = Debug|Any CPU
		Release|Any CPU = Release|Any CPU
	EndGlobalSection
	GlobalSection(ProjectConfigurationPlatforms) = postSolution
		{AD05D72B-FC57-41C9-A90E-2AC27031CC18}.Debug|Any CPU.ActiveCfg = Debug|Any CPU
		{AD05D72B-FC57-41C9-A90E-2AC27031CC18}.Debug|Any CPU.Build.0 = Debug|Any CPU
		{AD05D72B-FC57-41C9-A90E-2AC27031CC18}.Release|Any CPU.ActiveCfg = Release|Any CPU
		{AD05D72B-FC57-41C9-A90E-2AC27031CC18}.Release|Any CPU.Build.0 = Release|Any CPU
	EndGlobalSection
	GlobalSection(SolutionProperties) = preSolution
		HideSolutionNode = FALSE
	EndGlobalSection
	GlobalSection(ExtensibilityGlobals) = postSolution
		SolutionGuid = {22354A8A-82CF-4A5C-B639-D5CE4DBAF6D6}
	EndGlobalSection
EndGlobal
